
Microsoft Visual Studio Solution File, Format Version 12.00
# Visual Studio Version 16
VisualStudioVersion = 16.0.34031.81
MinimumVisualStudioVersion = 10.0.40219.1
Project("{9A19103F-16F7-4668-BE54-9A1E7A4F7556}") = "WebXeDo", "WebBanHang\WebXeDo.csproj", "{5FF7CA4F-604C-444D-A172-61C505A71FBF}"
EndProject
Global
	GlobalSection(SolutionConfigurationPlatforms) = preSolution
		Debug|Any CPU = Debug|Any CPU
		Release|Any CPU = Release|Any CPU
	EndGlobalSection
	GlobalSection(ProjectConfigurationPlatforms) = postSolution
		{5FF7CA4F-604C-444D-A172-61C505A71FBF}.Debug|Any CPU.ActiveCfg = Debug|Any CPU
		{5FF7CA4F-604C-444D-A172-61C505A71FBF}.Debug|Any CPU.Build.0 = Debug|Any CPU
		{5FF7CA4F-604C-444D-A172-61C505A71FBF}.Release|Any CPU.ActiveCfg = Release|Any CPU
		{5FF7CA4F-604C-444D-A172-61C505A71FBF}.Release|Any CPU.Build.0 = Release|Any CPU
	EndGlobalSection
	GlobalSection(SolutionProperties) = preSolution
		HideSolutionNode = FALSE
	EndGlobalSection
	GlobalSection(ExtensibilityGlobals) = postSolution
		SolutionGuid = {764D2C35-477B-428B-AC61-CECC4AB4095B}
	EndGlobalSection
EndGlobal
